
Microsoft Visual Studio Solution File, Format Version 12.00
# Visual Studio 2012
Project("{FAE04EC0-301F-11D3-BF4B-00C04F79EFBC}") = "Collaborate", "Collaborate\Collaborate.csproj", "{A2A87505-CE91-43BC-A877-56F092A8FB9D}"
EndProject
Global
	GlobalSection(SolutionConfigurationPlatforms) = preSolution
		Debug|iPhoneSimulator = Debug|iPhoneSimulator
		Release|iPhone = Release|iPhone
		Release|iPhoneSimulator = Release|iPhoneSimulator
		Debug|iPhone = Debug|iPhone
	EndGlobalSection
	GlobalSection(ProjectConfigurationPlatforms) = postSolution
		{A2A87505-CE91-43BC-A877-56F092A8FB9D}.Debug|iPhoneSimulator.ActiveCfg = Debug|iPhoneSimulator
		{A2A87505-CE91-43BC-A877-56F092A8FB9D}.Debug|iPhoneSimulator.Build.0 = Debug|iPhoneSimulator
		{A2A87505-CE91-43BC-A877-56F092A8FB9D}.Release|iPhone.ActiveCfg = Release|iPhone
		{A2A87505-CE91-43BC-A877-56F092A8FB9D}.Release|iPhone.Build.0 = Release|iPhone
		{A2A87505-CE91-43BC-A877-56F092A8FB9D}.Release|iPhoneSimulator.ActiveCfg = Release|iPhoneSimulator
		{A2A87505-CE91-43BC-A877-56F092A8FB9D}.Release|iPhoneSimulator.Build.0 = Release|iPhoneSimulator
		{A2A87505-CE91-43BC-A877-56F092A8FB9D}.Debug|iPhone.ActiveCfg = Debug|iPhone
		{A2A87505-CE91-43BC-A877-56F092A8FB9D}.Debug|iPhone.Build.0 = Debug|iPhone
	EndGlobalSection
EndGlobal
