
Microsoft Visual Studio Solution File, Format Version 12.00
# Visual Studio 2012
Project("{FAE04EC0-301F-11D3-BF4B-00C04F79EFBC}") = "AutoLayoutSample", "AutoLayoutSample.csproj", "{406FB5B6-AB56-49A4-9EAB-879FF4421EA9}"
EndProject
Global
	GlobalSection(SolutionConfigurationPlatforms) = preSolution
		Debug|iPhoneSimulator = Debug|iPhoneSimulator
		Release|iPhone = Release|iPhone
		Release|iPhoneSimulator = Release|iPhoneSimulator
		Debug|iPhone = Debug|iPhone
	EndGlobalSection
	GlobalSection(ProjectConfigurationPlatforms) = postSolution
		{406FB5B6-AB56-49A4-9EAB-879FF4421EA9}.Debug|iPhoneSimulator.ActiveCfg = Debug|iPhoneSimulator
		{406FB5B6-AB56-49A4-9EAB-879FF4421EA9}.Debug|iPhoneSimulator.Build.0 = Debug|iPhoneSimulator
		{406FB5B6-AB56-49A4-9EAB-879FF4421EA9}.Release|iPhone.ActiveCfg = Release|iPhone
		{406FB5B6-AB56-49A4-9EAB-879FF4421EA9}.Release|iPhone.Build.0 = Release|iPhone
		{406FB5B6-AB56-49A4-9EAB-879FF4421EA9}.Release|iPhoneSimulator.ActiveCfg = Release|iPhoneSimulator
		{406FB5B6-AB56-49A4-9EAB-879FF4421EA9}.Release|iPhoneSimulator.Build.0 = Release|iPhoneSimulator
		{406FB5B6-AB56-49A4-9EAB-879FF4421EA9}.Debug|iPhone.ActiveCfg = Debug|iPhone
		{406FB5B6-AB56-49A4-9EAB-879FF4421EA9}.Debug|iPhone.Build.0 = Debug|iPhone
	EndGlobalSection
EndGlobal
